
Microsoft Visual Studio Solution File, Format Version 12.00
# Visual Studio Version 18
VisualStudioVersion = 18.0.11121.172 d18.0
MinimumVisualStudioVersion = 10.0.40219.1
Project("{FAE04EC0-301F-11D3-BF4B-00C04F79EFBC}") = "PointAC", "PointAC.csproj", "{9265024D-BC12-4EDC-AADB-44EE27D265FD}"
EndProject
Global
	GlobalSection(SolutionConfigurationPlatforms) = preSolution
		Debug|Any CPU = Debug|Any CPU
		Debug|ARM64 = Debug|ARM64
		Debug|x64 = Debug|x64
		Release|Any CPU = Release|Any CPU
		Release|ARM64 = Release|ARM64
		Release|x64 = Release|x64
	EndGlobalSection
	GlobalSection(ProjectConfigurationPlatforms) = postSolution
		{9265024D-BC12-4EDC-AADB-44EE27D265FD}.Debug|Any CPU.ActiveCfg = Debug|Any CPU
		{9265024D-BC12-4EDC-AADB-44EE27D265FD}.Debug|Any CPU.Build.0 = Debug|Any CPU
		{9265024D-BC12-4EDC-AADB-44EE27D265FD}.Debug|ARM64.ActiveCfg = Debug|ARM64
		{9265024D-BC12-4EDC-AADB-44EE27D265FD}.Debug|ARM64.Build.0 = Debug|ARM64
		{9265024D-BC12-4EDC-AADB-44EE27D265FD}.Debug|x64.ActiveCfg = Debug|x64
		{9265024D-BC12-4EDC-AADB-44EE27D265FD}.Debug|x64.Build.0 = Debug|x64
		{9265024D-BC12-4EDC-AADB-44EE27D265FD}.Release|Any CPU.ActiveCfg = Release|Any CPU
		{9265024D-BC12-4EDC-AADB-44EE27D265FD}.Release|Any CPU.Build.0 = Release|Any CPU
		{9265024D-BC12-4EDC-AADB-44EE27D265FD}.Release|ARM64.ActiveCfg = Release|ARM64
		{9265024D-BC12-4EDC-AADB-44EE27D265FD}.Release|ARM64.Build.0 = Release|ARM64
		{9265024D-BC12-4EDC-AADB-44EE27D265FD}.Release|x64.ActiveCfg = Release|x64
		{9265024D-BC12-4EDC-AADB-44EE27D265FD}.Release|x64.Build.0 = Release|x64
	EndGlobalSection
	GlobalSection(SolutionProperties) = preSolution
		HideSolutionNode = FALSE
	EndGlobalSection
	GlobalSection(ExtensibilityGlobals) = postSolution
		SolutionGuid = {CE5885F0-1961-4510-A75E-C7B4F62310E6}
	EndGlobalSection
EndGlobal
